
Microsoft Visual Studio Solution File, Format Version 12.00
# Visual Studio Version 16
VisualStudioVersion = 16.0.31313.79
MinimumVisualStudioVersion = 10.0.40219.1
Project("{FAE04EC0-301F-11D3-BF4B-00C04F79EFBC}") = "NorthwindSample", "NorthwindSample\NorthwindSample.csproj", "{8B765DD5-4AB0-4C13-B398-81A36407148F}"
EndProject
Project("{FAE04EC0-301F-11D3-BF4B-00C04F79EFBC}") = "DBServer", "DBServer\DBServer.csproj", "{3DB25E87-A071-4527-9F3F-C258B473C343}"
EndProject
Global
	GlobalSection(SolutionConfigurationPlatforms) = preSolution
		Debug|Any CPU = Debug|Any CPU
		Release|Any CPU = Release|Any CPU
	EndGlobalSection
	GlobalSection(ProjectConfigurationPlatforms) = postSolution
		{8B765DD5-4AB0-4C13-B398-81A36407148F}.Debug|Any CPU.ActiveCfg = Debug|Any CPU
		{8B765DD5-4AB0-4C13-B398-81A36407148F}.Debug|Any CPU.Build.0 = Debug|Any CPU
		{8B765DD5-4AB0-4C13-B398-81A36407148F}.Release|Any CPU.ActiveCfg = Release|Any CPU
		{8B765DD5-4AB0-4C13-B398-81A36407148F}.Release|Any CPU.Build.0 = Release|Any CPU
		{3DB25E87-A071-4527-9F3F-C258B473C343}.Debug|Any CPU.ActiveCfg = Debug|Any CPU
		{3DB25E87-A071-4527-9F3F-C258B473C343}.Debug|Any CPU.Build.0 = Debug|Any CPU
		{3DB25E87-A071-4527-9F3F-C258B473C343}.Release|Any CPU.ActiveCfg = Release|Any CPU
		{3DB25E87-A071-4527-9F3F-C258B473C343}.Release|Any CPU.Build.0 = Release|Any CPU
	EndGlobalSection
	GlobalSection(SolutionProperties) = preSolution
		HideSolutionNode = FALSE
	EndGlobalSection
	GlobalSection(ExtensibilityGlobals) = postSolution
		SolutionGuid = {A92FF04F-3A81-478A-A2FE-379BF808283C}
	EndGlobalSection
EndGlobal
